// !$*UTF8*$!
{
	archiveVersion = 1;
	classes = {
	};
	objectVersion = 46;
	objects = {

/* Begin PBXBuildFile section */
		32DEA92BF46A765BE3459C20 /* libPods.a in Frameworks */ = {isa = PBXBuildFile; fileRef = 1AFA80430C9D6BF79F39E786 /* libPods.a */; };
		5429A82F1A834A9D00D7E065 /* MovieCell.swift in Sources */ = {isa = PBXBuildFile; fileRef = 5429A82E1A834A9D00D7E065 /* MovieCell.swift */; };
		54C012A01A872B8A008DEF6D /* MovieDetailViewController.swift in Sources */ = {isa = PBXBuildFile; fileRef = 54C0129F1A872B8A008DEF6D /* MovieDetailViewController.swift */; };
		54C012A41A883B96008DEF6D /* warning.png in Resources */ = {isa = PBXBuildFile; fileRef = 54C012A31A883B96008DEF6D /* warning.png */; };
		54C012AF1A887EA1008DEF6D /* dvd.png in Resources */ = {isa = PBXBuildFile; fileRef = 54C012AD1A887EA1008DEF6D /* dvd.png */; };
		54C012B01A887EA1008DEF6D /* movie.png in Resources */ = {isa = PBXBuildFile; fileRef = 54C012AE1A887EA1008DEF6D /* movie.png */; };
		54CE5F6A1A82D7910039F806 /* AppDelegate.swift in Sources */ = {isa = PBXBuildFile; fileRef = 54CE5F691A82D7910039F806 /* AppDelegate.swift */; };
		54CE5F6C1A82D7910039F806 /* ViewController.swift in Sources */ = {isa = PBXBuildFile; fileRef = 54CE5F6B1A82D7910039F806 /* ViewController.swift */; };
		54CE5F6F1A82D7910039F806 /* Main.storyboard in Resources */ = {isa = PBXBuildFile; fileRef = 54CE5F6D1A82D7910039F806 /* Main.storyboard */; };
		54CE5F711A82D7910039F806 /* Images.xcassets in Resources */ = {isa = PBXBuildFile; fileRef = 54CE5F701A82D7910039F806 /* Images.xcassets */; };
		54CE5F741A82D7910039F806 /* LaunchScreen.xib in Resources */ = {isa = PBXBuildFile; fileRef = 54CE5F721A82D7910039F806 /* LaunchScreen.xib */; };
		54CE5F801A82D7910039F806 /* rotten_tomatoesTests.swift in Sources */ = {isa = PBXBuildFile; fileRef = 54CE5F7F1A82D7910039F806 /* rotten_tomatoesTests.swift */; };
		54CE5F8A1A82D8510039F806 /* MoviesViewController.swift in Sources */ = {isa = PBXBuildFile; fileRef = 54CE5F891A82D8510039F806 /* MoviesViewController.swift */; };
/* End PBXBuildFile section */

/* Begin PBXContainerItemProxy section */
		54CE5F7A1A82D7910039F806 /* PBXContainerItemProxy */ = {
			isa = PBXContainerItemProxy;
			containerPortal = 54CE5F5C1A82D7910039F806 /* Project object */;
			proxyType = 1;
			remoteGlobalIDString = 54CE5F631A82D7910039F806;
			remoteInfo = "rotten-tomatoes";
		};
/* End PBXContainerItemProxy section */

/* Begin PBXFileReference section */
		1AFA80430C9D6BF79F39E786 /* libPods.a */ = {isa = PBXFileReference; explicitFileType = archive.ar; includeInIndex = 0; path = libPods.a; sourceTree = BUILT_PRODUCTS_DIR; };
		35C855C0C1B87B0A777E20A2 /* Pods.release.xcconfig */ = {isa = PBXFileReference; includeInIndex = 1; lastKnownFileType = text.xcconfig; name = Pods.release.xcconfig; path = "Pods/Target Support Files/Pods/Pods.release.xcconfig"; sourceTree = "<group>"; };
		5429A82E1A834A9D00D7E065 /* MovieCell.swift */ = {isa = PBXFileReference; fileEncoding = 4; lastKnownFileType = sourcecode.swift; path = MovieCell.swift; sourceTree = "<group>"; };
		54C0129A1A84381E008DEF6D /* rotten-tomatoes-Bridging-Header.h */ = {isa = PBXFileReference; lastKnownFileType = sourcecode.c.h; path = "rotten-tomatoes-Bridging-Header.h"; sourceTree = "<group>"; };
		54C0129F1A872B8A008DEF6D /* MovieDetailViewController.swift */ = {isa = PBXFileReference; fileEncoding = 4; lastKnownFileType = sourcecode.swift; path = MovieDetailViewController.swift; sourceTree = "<group>"; };
		54C012A31A883B96008DEF6D /* warning.png */ = {isa = PBXFileReference; lastKnownFileType = image.png; path = warning.png; sourceTree = "<group>"; };
		54C012AD1A887EA1008DEF6D /* dvd.png */ = {isa = PBXFileReference; lastKnownFileType = image.png; path = dvd.png; sourceTree = "<group>"; };
		54C012AE1A887EA1008DEF6D /* movie.png */ = {isa = PBXFileReference; lastKnownFileType = image.png; path = movie.png; sourceTree = "<group>"; };
		54CE5F641A82D7910039F806 /* rotten-tomatoes.app */ = {isa = PBXFileReference; explicitFileType = wrapper.application; includeInIndex = 0; path = "rotten-tomatoes.app"; sourceTree = BUILT_PRODUCTS_DIR; };
		54CE5F681A82D7910039F806 /* Info.plist */ = {isa = PBXFileReference; lastKnownFileType = text.plist.xml; path = Info.plist; sourceTree = "<group>"; };
		54CE5F691A82D7910039F806 /* AppDelegate.swift */ = {isa = PBXFileReference; lastKnownFileType = sourcecode.swift; path = AppDelegate.swift; sourceTree = "<group>"; };
		54CE5F6B1A82D7910039F806 /* ViewController.swift */ = {isa = PBXFileReference; lastKnownFileType = sourcecode.swift; path = ViewController.swift; sourceTree = "<group>"; };
		54CE5F6E1A82D7910039F806 /* Base */ = {isa = PBXFileReference; lastKnownFileType = file.storyboard; name = Base; path = Base.lproj/Main.storyboard; sourceTree = "<group>"; };
		54CE5F701A82D7910039F806 /* Images.xcassets */ = {isa = PBXFileReference; lastKnownFileType = folder.assetcatalog; path = Images.xcassets; sourceTree = "<group>"; };
		54CE5F731A82D7910039F806 /* Base */ = {isa = PBXFileReference; lastKnownFileType = file.xib; name = Base; path = Base.lproj/LaunchScreen.xib; sourceTree = "<group>"; };
		54CE5F791A82D7910039F806 /* rotten-tomatoesTests.xctest */ = {isa = PBXFileReference; explicitFileType = wrapper.cfbundle; includeInIndex = 0; path = "rotten-tomatoesTests.xctest"; sourceTree = BUILT_PRODUCTS_DIR; };
		54CE5F7E1A82D7910039F806 /* Info.plist */ = {isa = PBXFileReference; lastKnownFileType = text.plist.xml; path = Info.plist; sourceTree = "<group>"; };
		54CE5F7F1A82D7910039F806 /* rotten_tomatoesTests.swift */ = {isa = PBXFileReference; lastKnownFileType = sourcecode.swift; path = rotten_tomatoesTests.swift; sourceTree = "<group>"; };
		54CE5F891A82D8510039F806 /* MoviesViewController.swift */ = {isa = PBXFileReference; fileEncoding = 4; lastKnownFileType = sourcecode.swift; path = MoviesViewController.swift; sourceTree = "<group>"; };
		D48728F6C5D8CD0314C2A9D3 /* Pods.debug.xcconfig */ = {isa = PBXFileReference; includeInIndex = 1; lastKnownFileType = text.xcconfig; name = Pods.debug.xcconfig; path = "Pods/Target Support Files/Pods/Pods.debug.xcconfig"; sourceTree = "<group>"; };
/* End PBXFileReference section */

/* Begin PBXFrameworksBuildPhase section */
		54CE5F611A82D7910039F806 /* Frameworks */ = {
			isa = PBXFrameworksBuildPhase;
			buildActionMask = 2147483647;
			files = (
				32DEA92BF46A765BE3459C20 /* libPods.a in Frameworks */,
			);
			runOnlyForDeploymentPostprocessing = 0;
		};
		54CE5F761A82D7910039F806 /* Frameworks */ = {
			isa = PBXFrameworksBuildPhase;
			buildActionMask = 2147483647;
			files = (
			);
			runOnlyForDeploymentPostprocessing = 0;
		};
/* End PBXFrameworksBuildPhase section */

/* Begin PBXGroup section */
		330A893E17AE3D11BC5542D0 /* Frameworks */ = {
			isa = PBXGroup;
			children = (
				1AFA80430C9D6BF79F39E786 /* libPods.a */,
			);
			name = Frameworks;
			sourceTree = "<group>";
		};
		33A45830A7ECA7821DB0D862 /* Pods */ = {
			isa = PBXGroup;
			children = (
				D48728F6C5D8CD0314C2A9D3 /* Pods.debug.xcconfig */,
				35C855C0C1B87B0A777E20A2 /* Pods.release.xcconfig */,
			);
			name = Pods;
			sourceTree = "<group>";
		};
		54CE5F5B1A82D7910039F806 = {
			isa = PBXGroup;
			children = (
				54CE5F661A82D7910039F806 /* rotten-tomatoes */,
				54CE5F7C1A82D7910039F806 /* rotten-tomatoesTests */,
				54CE5F651A82D7910039F806 /* Products */,
				33A45830A7ECA7821DB0D862 /* Pods */,
				330A893E17AE3D11BC5542D0 /* Frameworks */,
			);
			sourceTree = "<group>";
		};
		54CE5F651A82D7910039F806 /* Products */ = {
			isa = PBXGroup;
			children = (
				54CE5F641A82D7910039F806 /* rotten-tomatoes.app */,
				54CE5F791A82D7910039F806 /* rotten-tomatoesTests.xctest */,
			);
			name = Products;
			sourceTree = "<group>";
		};
		54CE5F661A82D7910039F806 /* rotten-tomatoes */ = {
			isa = PBXGroup;
			children = (
				54CE5F6D1A82D7910039F806 /* Main.storyboard */,
				54CE5F891A82D8510039F806 /* MoviesViewController.swift */,
				54CE5F691A82D7910039F806 /* AppDelegate.swift */,
				54CE5F6B1A82D7910039F806 /* ViewController.swift */,
				54CE5F701A82D7910039F806 /* Images.xcassets */,
				54CE5F721A82D7910039F806 /* LaunchScreen.xib */,
				54CE5F671A82D7910039F806 /* Supporting Files */,
				5429A82E1A834A9D00D7E065 /* MovieCell.swift */,
				54C0129A1A84381E008DEF6D /* rotten-tomatoes-Bridging-Header.h */,
				54C0129F1A872B8A008DEF6D /* MovieDetailViewController.swift */,
			);
			path = "rotten-tomatoes";
			sourceTree = "<group>";
		};
		54CE5F671A82D7910039F806 /* Supporting Files */ = {
			isa = PBXGroup;
			children = (
				54C012AD1A887EA1008DEF6D /* dvd.png */,
				54C012AE1A887EA1008DEF6D /* movie.png */,
				54C012A31A883B96008DEF6D /* warning.png */,
				54CE5F681A82D7910039F806 /* Info.plist */,
			);
			name = "Supporting Files";
			sourceTree = "<group>";
		};
		54CE5F7C1A82D7910039F806 /* rotten-tomatoesTests */ = {
			isa = PBXGroup;
			children = (
				54CE5F7F1A82D7910039F806 /* rotten_tomatoesTests.swift */,
				54CE5F7D1A82D7910039F806 /* Supporting Files */,
			);
			path = "rotten-tomatoesTests";
			sourceTree = "<group>";
		};
		54CE5F7D1A82D7910039F806 /* Supporting Files */ = {
			isa = PBXGroup;
			children = (
				54CE5F7E1A82D7910039F806 /* Info.plist */,
			);
			name = "Supporting Files";
			sourceTree = "<group>";
		};
/* End PBXGroup section */

/* Begin PBXNativeTarget section */
		54CE5F631A82D7910039F806 /* rotten-tomatoes */ = {
			isa = PBXNativeTarget;
			buildConfigurationList = 54CE5F831A82D7910039F806 /* Build configuration list for PBXNativeTarget "rotten-tomatoes" */;
			buildPhases = (
				66CCE520D14646AB9235F323 /* Check Pods Manifest.lock */,
				54CE5F601A82D7910039F806 /* Sources */,
				54CE5F611A82D7910039F806 /* Frameworks */,
				54CE5F621A82D7910039F806 /* Resources */,
				5D6E9BB5F0FEFC57DD1072EE /* Copy Pods Resources */,
			);
			buildRules = (
			);
			dependencies = (
			);
			name = "rotten-tomatoes";
			productName = "rotten-tomatoes";
			productReference = 54CE5F641A82D7910039F806 /* rotten-tomatoes.app */;
			productType = "com.apple.product-type.application";
		};
		54CE5F781A82D7910039F806 /* rotten-tomatoesTests */ = {
			isa = PBXNativeTarget;
			buildConfigurationList = 54CE5F861A82D7910039F806 /* Build configuration list for PBXNativeTarget "rotten-tomatoesTests" */;
			buildPhases = (
				54CE5F751A82D7910039F806 /* Sources */,
				54CE5F761A82D7910039F806 /* Frameworks */,
				54CE5F771A82D7910039F806 /* Resources */,
			);
			buildRules = (
			);
			dependencies = (
				54CE5F7B1A82D7910039F806 /* PBXTargetDependency */,
			);
			name = "rotten-tomatoesTests";
			productName = "rotten-tomatoesTests";
			productReference = 54CE5F791A82D7910039F806 /* rotten-tomatoesTests.xctest */;
			productType = "com.apple.product-type.bundle.unit-test";
		};
/* End PBXNativeTarget section */

/* Begin PBXProject section */
		54CE5F5C1A82D7910039F806 /* Project object */ = {
			isa = PBXProject;
			attributes = {
				LastUpgradeCheck = 0610;
				ORGANIZATIONNAME = wendru;
				TargetAttributes = {
					54CE5F631A82D7910039F806 = {
						CreatedOnToolsVersion = 6.1.1;
					};
					54CE5F781A82D7910039F806 = {
						CreatedOnToolsVersion = 6.1.1;
						TestTargetID = 54CE5F631A82D7910039F806;
					};
				};
			};
			buildConfigurationList = 54CE5F5F1A82D7910039F806 /* Build configuration list for PBXProject "rotten-tomatoes" */;
			compatibilityVersion = "Xcode 3.2";
			developmentRegion = English;
			hasScannedForEncodings = 0;
			knownRegions = (
				en,
				Base,
			);
			mainGroup = 54CE5F5B1A82D7910039F806;
			productRefGroup = 54CE5F651A82D7910039F806 /* Products */;
			projectDirPath = "";
			projectRoot = "";
			targets = (
				54CE5F631A82D7910039F806 /* rotten-tomatoes */,
				54CE5F781A82D7910039F806 /* rotten-tomatoesTests */,
			);
		};
/* End PBXProject section */

/* Begin PBXResourcesBuildPhase section */
		54CE5F621A82D7910039F806 /* Resources */ = {
			isa = PBXResourcesBuildPhase;
			buildActionMask = 2147483647;
			files = (
				54C012AF1A887EA1008DEF6D /* dvd.png in Resources */,
				54C012A41A883B96008DEF6D /* warning.png in Resources */,
				54C012B01A887EA1008DEF6D /* movie.png in Resources */,
				54CE5F6F1A82D7910039F806 /* Main.storyboard in Resources */,
				54CE5F741A82D7910039F806 /* LaunchScreen.xib in Resources */,
				54CE5F711A82D7910039F806 /* Images.xcassets in Resources */,
			);
			runOnlyForDeploymentPostprocessing = 0;
		};
		54CE5F771A82D7910039F806 /* Resources */ = {
			isa = PBXResourcesBuildPhase;
			buildActionMask = 2147483647;
			files = (
			);
			runOnlyForDeploymentPostprocessing = 0;
		};
/* End PBXResourcesBuildPhase section */

/* Begin PBXShellScriptBuildPhase section */
		5D6E9BB5F0FEFC57DD1072EE /* Copy Pods Resources */ = {
			isa = PBXShellScriptBuildPhase;
			buildActionMask = 2147483647;
			files = (
			);
			inputPaths = (
			);
			name = "Copy Pods Resources";
			outputPaths = (
			);
			runOnlyForDeploymentPostprocessing = 0;
			shellPath = /bin/sh;
			shellScript = "\"${SRCROOT}/Pods/Target Support Files/Pods/Pods-resources.sh\"\n";
			showEnvVarsInLog = 0;
		};
		66CCE520D14646AB9235F323 /* Check Pods Manifest.lock */ = {
			isa = PBXShellScriptBuildPhase;
			buildActionMask = 2147483647;
			files = (
			);
			inputPaths = (
			);
			name = "Check Pods Manifest.lock";
			outputPaths = (
			);
			runOnlyForDeploymentPostprocessing = 0;
			shellPath = /bin/sh;
			shellScript = "diff \"${PODS_ROOT}/../Podfile.lock\" \"${PODS_ROOT}/Manifest.lock\" > /dev/null\nif [[ $? != 0 ]] ; then\n    cat << EOM\nerror: The sandbox is not in sync with the Podfile.lock. Run 'pod install' or update your CocoaPods installation.\nEOM\n    exit 1\nfi\n";
			showEnvVarsInLog = 0;
		};
/* End PBXShellScriptBuildPhase section */

/* Begin PBXSourcesBuildPhase section */
		54CE5F601A82D7910039F806 /* Sources */ = {
			isa = PBXSourcesBuildPhase;
			buildActionMask = 2147483647;
			files = (
				54CE5F6C1A82D7910039F806 /* ViewController.swift in Sources */,
				54CE5F6A1A82D7910039F806 /* AppDelegate.swift in Sources */,
				5429A82F1A834A9D00D7E065 /* MovieCell.swift in Sources */,
				54C012A01A872B8A008DEF6D /* MovieDetailViewController.swift in Sources */,
				54CE5F8A1A82D8510039F806 /* MoviesViewController.swift in Sources */,
			);
			runOnlyForDeploymentPostprocessing = 0;
		};
		54CE5F751A82D7910039F806 /* Sources */ = {
			isa = PBXSourcesBuildPhase;
			buildActionMask = 2147483647;
			files = (
				54CE5F801A82D7910039F806 /* rotten_tomatoesTests.swift in Sources */,
			);
			runOnlyForDeploymentPostprocessing = 0;
		};
/* End PBXSourcesBuildPhase section */

/* Begin PBXTargetDependency section */
		54CE5F7B1A82D7910039F806 /* PBXTargetDependency */ = {
			isa = PBXTargetDependency;
			target = 54CE5F631A82D7910039F806 /* rotten-tomatoes */;
			targetProxy = 54CE5F7A1A82D7910039F806 /* PBXContainerItemProxy */;
		};
/* End PBXTargetDependency section */

/* Begin PBXVariantGroup section */
		54CE5F6D1A82D7910039F806 /* Main.storyboard */ = {
			isa = PBXVariantGroup;
			children = (
				54CE5F6E1A82D7910039F806 /* Base */,
			);
			name = Main.storyboard;
			sourceTree = "<group>";
		};
		54CE5F721A82D7910039F806 /* LaunchScreen.xib */ = {
			isa = PBXVariantGroup;
			children = (
				54CE5F731A82D7910039F806 /* Base */,
			);
			name = LaunchScreen.xib;
			sourceTree = "<group>";
		};
/* End PBXVariantGroup section */

/* Begin XCBuildConfiguration section */
		54CE5F811A82D7910039F806 /* Debug */ = {
			isa = XCBuildConfiguration;
			buildSettings = {
				ALWAYS_SEARCH_USER_PATHS = NO;
				CLANG_CXX_LANGUAGE_STANDARD = "gnu++0x";
				CLANG_CXX_LIBRARY = "libc++";
				CLANG_ENABLE_MODULES = YES;
				CLANG_ENABLE_OBJC_ARC = YES;
				CLANG_WARN_BOOL_CONVERSION = YES;
				CLANG_WARN_CONSTANT_CONVERSION = YES;
				CLANG_WARN_DIRECT_OBJC_ISA_USAGE = YES_ERROR;
				CLANG_WARN_EMPTY_BODY = YES;
				CLANG_WARN_ENUM_CONVERSION = YES;
				CLANG_WARN_INT_CONVERSION = YES;
				CLANG_WARN_OBJC_ROOT_CLASS = YES_ERROR;
				CLANG_WARN_UNREACHABLE_CODE = YES;
				CLANG_WARN__DUPLICATE_METHOD_MATCH = YES;
				"CODE_SIGN_IDENTITY[sdk=iphoneos*]" = "iPhone Developer";
				COPY_PHASE_STRIP = NO;
				ENABLE_STRICT_OBJC_MSGSEND = YES;
				GCC_C_LANGUAGE_STANDARD = gnu99;
				GCC_DYNAMIC_NO_PIC = NO;
				GCC_OPTIMIZATION_LEVEL = 0;
				GCC_PREPROCESSOR_DEFINITIONS = (
					"DEBUG=1",
					"$(inherited)",
				);
				GCC_SYMBOLS_PRIVATE_EXTERN = NO;
				GCC_WARN_64_TO_32_BIT_CONVERSION = YES;
				GCC_WARN_ABOUT_RETURN_TYPE = YES_ERROR;
				GCC_WARN_UNDECLARED_SELECTOR = YES;
				GCC_WARN_UNINITIALIZED_AUTOS = YES_AGGRESSIVE;
				GCC_WARN_UNUSED_FUNCTION = YES;
				GCC_WARN_UNUSED_VARIABLE = YES;
				IPHONEOS_DEPLOYMENT_TARGET = 8.1;
				MTL_ENABLE_DEBUG_INFO = YES;
				ONLY_ACTIVE_ARCH = YES;
				SDKROOT = iphoneos;
				SWIFT_OPTIMIZATION_LEVEL = "-Onone";
			};
			name = Debug;
		};
		54CE5F821A82D7910039F806 /* Release */ = {
			isa = XCBuildConfiguration;
			buildSettings = {
				ALWAYS_SEARCH_USER_PATHS = NO;
				CLANG_CXX_LANGUAGE_STANDARD = "gnu++0x";
				CLANG_CXX_LIBRARY = "libc++";
				CLANG_ENABLE_MODULES = YES;
				CLANG_ENABLE_OBJC_ARC = YES;
				CLANG_WARN_BOOL_CONVERSION = YES;
				CLANG_WARN_CONSTANT_CONVERSION = YES;
				CLANG_WARN_DIRECT_OBJC_ISA_USAGE = YES_ERROR;
				CLANG_WARN_EMPTY_BODY = YES;
				CLANG_WARN_ENUM_CONVERSION = YES;
				CLANG_WARN_INT_CONVERSION = YES;
				CLANG_WARN_OBJC_ROOT_CLASS = YES_ERROR;
				CLANG_WARN_UNREACHABLE_CODE = YES;
				CLANG_WARN__DUPLICATE_METHOD_MATCH = YES;
				"CODE_SIGN_IDENTITY[sdk=iphoneos*]" = "iPhone Developer";
				COPY_PHASE_STRIP = YES;
				ENABLE_NS_ASSERTIONS = NO;
				ENABLE_STRICT_OBJC_MSGSEND = YES;
				GCC_C_LANGUAGE_STANDARD = gnu99;
				GCC_WARN_64_TO_32_BIT_CONVERSION = YES;
				GCC_WARN_ABOUT_RETURN_TYPE = YES_ERROR;
				GCC_WARN_UNDECLARED_SELECTOR = YES;
				GCC_WARN_UNINITIALIZED_AUTOS = YES_AGGRESSIVE;
				GCC_WARN_UNUSED_FUNCTION = YES;
				GCC_WARN_UNUSED_VARIABLE = YES;
				IPHONEOS_DEPLOYMENT_TARGET = 8.1;
				MTL_ENABLE_DEBUG_INFO = NO;
				SDKROOT = iphoneos;
				VALIDATE_PRODUCT = YES;
			};
			name = Release;
		};
		54CE5F841A82D7910039F806 /* Debug */ = {
			isa = XCBuildConfiguration;
			baseConfigurationReference = D48728F6C5D8CD0314C2A9D3 /* Pods.debug.xcconfig */;
			buildSettings = {
				ASSETCATALOG_COMPILER_APPICON_NAME = AppIcon;
				CLANG_ENABLE_MODULES = YES;
				INFOPLIST_FILE = "rotten-tomatoes/Info.plist";
				LD_RUNPATH_SEARCH_PATHS = "$(inherited) @executable_path/Frameworks";
				PRODUCT_NAME = "$(TARGET_NAME)";
				SWIFT_OBJC_BRIDGING_HEADER = "rotten-tomatoes/rotten-tomatoes-Bridging-Header.h";
				SWIFT_OPTIMIZATION_LEVEL = "-Onone";
			};
			name = Debug;
		};
		54CE5F851A82D7910039F806 /* Release */ = {
			isa = XCBuildConfiguration;
			baseConfigurationReference = 35C855C0C1B87B0A777E20A2 /* Pods.release.xcconfig */;
			buildSettings = {
				ASSETCATALOG_COMPILER_APPICON_NAME = AppIcon;
				CLANG_ENABLE_MODULES = YES;
				INFOPLIST_FILE = "rotten-tomatoes/Info.plist";
				LD_RUNPATH_SEARCH_PATHS = "$(inherited) @executable_path/Frameworks";
				PRODUCT_NAME = "$(TARGET_NAME)";
				SWIFT_OBJC_BRIDGING_HEADER = "rotten-tomatoes/rotten-tomatoes-Bridging-Header.h";
			};
			name = Release;
		};
		54CE5F871A82D7910039F806 /* Debug */ = {
			isa = XCBuildConfiguration;
			buildSettings = {
				BUNDLE_LOADER = "$(TEST_HOST)";
				FRAMEWORK_SEARCH_PATHS = (
					"$(SDKROOT)/Developer/Library/Frameworks",
					"$(inherited)",
				);
				GCC_PREPROCESSOR_DEFINITIONS = (
					"DEBUG=1",
					"$(inherited)",
				);
				INFOPLIST_FILE = "rotten-tomatoesTests/Info.plist";
				LD_RUNPATH_SEARCH_PATHS = "$(inherited) @executable_path/Frameworks @loader_path/Frameworks";
				PRODUCT_NAME = "$(TARGET_NAME)";
				TEST_HOST = "$(BUILT_PRODUCTS_DIR)/rotten-tomatoes.app/rotten-tomatoes";
			};
			name = Debug;
		};
		54CE5F881A82D7910039F806 /* Release */ = {
			isa = XCBuildConfiguration;
			buildSettings = {
				BUNDLE_LOADER = "$(TEST_HOST)";
				FRAMEWORK_SEARCH_PATHS = (
					"$(SDKROOT)/Developer/Library/Frameworks",
					"$(inherited)",
				);
				INFOPLIST_FILE = "rotten-tomatoesTests/Info.plist";
				LD_RUNPATH_SEARCH_PATHS = "$(inherited) @executable_path/Frameworks @loader_path/Frameworks";
				PRODUCT_NAME = "$(TARGET_NAME)";
				TEST_HOST = "$(BUILT_PRODUCTS_DIR)/rotten-tomatoes.app/rotten-tomatoes";
			};
			name = Release;
		};
/* End XCBuildConfiguration section */

/* Begin XCConfigurationList section */
		54CE5F5F1A82D7910039F806 /* Build configuration list for PBXProject "rotten-tomatoes" */ = {
			isa = XCConfigurationList;
			buildConfigurations = (
				54CE5F811A82D7910039F806 /* Debug */,
				54CE5F821A82D7910039F806 /* Release */,
			);
			defaultConfigurationIsVisible = 0;
			defaultConfigurationName = Release;
		};
		54CE5F831A82D7910039F806 /* Build configuration list for PBXNativeTarget "rotten-tomatoes" */ = {
			isa = XCConfigurationList;
			buildConfigurations = (
				54CE5F841A82D7910039F806 /* Debug */,
				54CE5F851A82D7910039F806 /* Release */,
			);
			defaultConfigurationIsVisible = 0;
			defaultConfigurationName = Release;
		};
		54CE5F861A82D7910039F806 /* Build configuration list for PBXNativeTarget "rotten-tomatoesTests" */ = {
			isa = XCConfigurationList;
			buildConfigurations = (
				54CE5F871A82D7910039F806 /* Debug */,
				54CE5F881A82D7910039F806 /* Release */,
			);
			defaultConfigurationIsVisible = 0;
			defaultConfigurationName = Release;
		};
/* End XCConfigurationList section */
	};
	rootObject = 54CE5F5C1A82D7910039F806 /* Project object */;
}
